
Microsoft Visual Studio Solution File, Format Version 12.00
# Visual Studio Version 17
VisualStudioVersion = 17.8.34525.116
MinimumVisualStudioVersion = 10.0.40219.1
Project("{FAE04EC0-301F-11D3-BF4B-00C04F79EFBC}") = "AiPrompter.Runtime", "AiPrompter.Runtime\AiPrompter.Runtime.csproj", "{072C8727-7493-4B52-B298-6C3763E15E9D}"
EndProject
Project("{FAE04EC0-301F-11D3-BF4B-00C04F79EFBC}") = "OneParagraph.API", "OneParagraph.API\OneParagraph.API.csproj", "{B4C0BFE1-FD8F-438E-8C88-300D9587C0CA}"
EndProject
Project("{FAE04EC0-301F-11D3-BF4B-00C04F79EFBC}") = "OneParagraph.Shared", "OneParagraph.Shared\OneParagraph.Shared.csproj", "{98E98796-1ABC-4F99-A350-7CD5C087D23D}"
EndProject
Global
	GlobalSection(SolutionConfigurationPlatforms) = preSolution
		Debug|Any CPU = Debug|Any CPU
		Release|Any CPU = Release|Any CPU
	EndGlobalSection
	GlobalSection(ProjectConfigurationPlatforms) = postSolution
		{072C8727-7493-4B52-B298-6C3763E15E9D}.Debug|Any CPU.ActiveCfg = Debug|Any CPU
		{072C8727-7493-4B52-B298-6C3763E15E9D}.Debug|Any CPU.Build.0 = Debug|Any CPU
		{072C8727-7493-4B52-B298-6C3763E15E9D}.Release|Any CPU.ActiveCfg = Release|Any CPU
		{072C8727-7493-4B52-B298-6C3763E15E9D}.Release|Any CPU.Build.0 = Release|Any CPU
		{B4C0BFE1-FD8F-438E-8C88-300D9587C0CA}.Debug|Any CPU.ActiveCfg = Debug|Any CPU
		{B4C0BFE1-FD8F-438E-8C88-300D9587C0CA}.Debug|Any CPU.Build.0 = Debug|Any CPU
		{B4C0BFE1-FD8F-438E-8C88-300D9587C0CA}.Release|Any CPU.ActiveCfg = Release|Any CPU
		{B4C0BFE1-FD8F-438E-8C88-300D9587C0CA}.Release|Any CPU.Build.0 = Release|Any CPU
		{98E98796-1ABC-4F99-A350-7CD5C087D23D}.Debug|Any CPU.ActiveCfg = Debug|Any CPU
		{98E98796-1ABC-4F99-A350-7CD5C087D23D}.Debug|Any CPU.Build.0 = Debug|Any CPU
		{98E98796-1ABC-4F99-A350-7CD5C087D23D}.Release|Any CPU.ActiveCfg = Release|Any CPU
		{98E98796-1ABC-4F99-A350-7CD5C087D23D}.Release|Any CPU.Build.0 = Release|Any CPU
	EndGlobalSection
	GlobalSection(SolutionProperties) = preSolution
		HideSolutionNode = FALSE
	EndGlobalSection
	GlobalSection(ExtensibilityGlobals) = postSolution
		SolutionGuid = {1609B7D4-2573-4A0C-8CBA-B3B2E329A543}
	EndGlobalSection
EndGlobal
